<?xml version="1.0" encoding="utf-8"?>
<Project ToolsVersion="4.0" xmlns="http://schemas.microsoft.com/developer/msbuild/2003">
  <ItemGroup>
    <Filter Include="src">
      <UniqueIdentifier>{5a64f158-e3ef-4237-b2bf-6b43e83dced9}</UniqueIdentifier>
    </Filter>
  </ItemGroup>
  <ItemGroup>
    <ClCompile Include="src\ShaderAtoll.cpp">
      <Filter>src</Filter>
    </ClCompile>
  </ItemGroup>
</Project>